schema: '2.0'
stages:
  data_ingestion:
    cmd: python src/cnnClassifier/pipeline/S1_data_ingestion.py
    deps:
    - path: config/config.yaml
      hash: md5
      md5: 6e5d89bfd90faa9cbf586d26aa272668
      size: 1270
    - path: src/cnnClassifier/pipeline/S1_data_ingestion.py
      hash: md5
      md5: b9a21388c91b009224c2c846094e1a4f
      size: 940
    outs:
    - path: ./artifacts/data_ingestion/brain_image_classification/brain_mri_images
      hash: md5
      md5: 8014a1dc619e3565b21a9aa0aabdb7f9.dir
      size: 158604497
      nfiles: 7023
  prepare_base_model:
    cmd: python src/cnnClassifier/pipeline/S2_prepare_base_model.py
    deps:
    - path: config/config.yaml
      hash: md5
      md5: 6e5d89bfd90faa9cbf586d26aa272668
      size: 1270
    - path: src/cnnClassifier/pipeline/S2_prepare_base_model.py
      hash: md5
      md5: 3589b102815e7ab28d8d6cc6ad54111b
      size: 1202
    params:
      params.yaml:
        CLASSES: 4
        IMAGE_SIZE:
        - 224
        - 224
        - 3
        INCLUDE_TOP: false
        LEARNING_RATE: 0.0001
        WEIGHTS: imagenet
    outs:
    - path: artifacts/prepare_base_model
      hash: md5
      md5: a34993fccdfdddd0427567b68184e370.dir
      size: 160245302
      nfiles: 2
